// !$*UTF8*$!
{
	archiveVersion = 1;
	classes = {
	};
	objectVersion = 46;
	objects = {

/* Begin PBXBuildFile section */
		2B62C22C1DD9BB1F0012002F /* AppDelegate.swift in Sources */ = {isa = PBXBuildFile; fileRef = 2B62C22B1DD9BB1F0012002F /* AppDelegate.swift */; };
		2B62C22E1DD9BB1F0012002F /* HomeViewController.swift in Sources */ = {isa = PBXBuildFile; fileRef = 2B62C22D1DD9BB1F0012002F /* HomeViewController.swift */; };
		2B62C2311DD9BB1F0012002F /* Main.storyboard in Resources */ = {isa = PBXBuildFile; fileRef = 2B62C22F1DD9BB1F0012002F /* Main.storyboard */; };
		2B62C2331DD9BB1F0012002F /* Assets.xcassets in Resources */ = {isa = PBXBuildFile; fileRef = 2B62C2321DD9BB1F0012002F /* Assets.xcassets */; };
		2B62C2361DD9BB1F0012002F /* LaunchScreen.storyboard in Resources */ = {isa = PBXBuildFile; fileRef = 2B62C2341DD9BB1F0012002F /* LaunchScreen.storyboard */; };
		2B62C23E1DD9C6EB0012002F /* ItemsListViewController.swift in Sources */ = {isa = PBXBuildFile; fileRef = 2B62C23D1DD9C6EB0012002F /* ItemsListViewController.swift */; };
		2B62C2401DD9C7D40012002F /* Item.swift in Sources */ = {isa = PBXBuildFile; fileRef = 2B62C23F1DD9C7D40012002F /* Item.swift */; };
		2B62C2421DD9C8380012002F /* ItemCell.swift in Sources */ = {isa = PBXBuildFile; fileRef = 2B62C2411DD9C8380012002F /* ItemCell.swift */; };
		2B62C2461DD9D2D20012002F /* API.swift in Sources */ = {isa = PBXBuildFile; fileRef = 2B62C2451DD9D2D20012002F /* API.swift */; };
		2B62C2481DD9EB2C0012002F /* ItemDataSource.swift in Sources */ = {isa = PBXBuildFile; fileRef = 2B62C2471DD9EB2C0012002F /* ItemDataSource.swift */; };
/* End PBXBuildFile section */

/* Begin PBXFileReference section */
		2B62C2281DD9BB1F0012002F /* DeBijenkorfProject.app */ = {isa = PBXFileReference; explicitFileType = wrapper.application; includeInIndex = 0; path = DeBijenkorfProject.app; sourceTree = BUILT_PRODUCTS_DIR; };
		2B62C22B1DD9BB1F0012002F /* AppDelegate.swift */ = {isa = PBXFileReference; lastKnownFileType = sourcecode.swift; path = AppDelegate.swift; sourceTree = "<group>"; };
		2B62C22D1DD9BB1F0012002F /* HomeViewController.swift */ = {isa = PBXFileReference; lastKnownFileType = sourcecode.swift; path = HomeViewController.swift; sourceTree = "<group>"; };
		2B62C2301DD9BB1F0012002F /* Base */ = {isa = PBXFileReference; lastKnownFileType = file.storyboard; name = Base; path = Base.lproj/Main.storyboard; sourceTree = "<group>"; };
		2B62C2321DD9BB1F0012002F /* Assets.xcassets */ = {isa = PBXFileReference; lastKnownFileType = folder.assetcatalog; path = Assets.xcassets; sourceTree = "<group>"; };
		2B62C2351DD9BB1F0012002F /* Base */ = {isa = PBXFileReference; lastKnownFileType = file.storyboard; name = Base; path = Base.lproj/LaunchScreen.storyboard; sourceTree = "<group>"; };
		2B62C2371DD9BB1F0012002F /* Info.plist */ = {isa = PBXFileReference; lastKnownFileType = text.plist.xml; path = Info.plist; sourceTree = "<group>"; };
		2B62C23D1DD9C6EB0012002F /* ItemsListViewController.swift */ = {isa = PBXFileReference; fileEncoding = 4; lastKnownFileType = sourcecode.swift; path = ItemsListViewController.swift; sourceTree = "<group>"; };
		2B62C23F1DD9C7D40012002F /* Item.swift */ = {isa = PBXFileReference; fileEncoding = 4; lastKnownFileType = sourcecode.swift; path = Item.swift; sourceTree = "<group>"; };
		2B62C2411DD9C8380012002F /* ItemCell.swift */ = {isa = PBXFileReference; fileEncoding = 4; lastKnownFileType = sourcecode.swift; path = ItemCell.swift; sourceTree = "<group>"; };
		2B62C2451DD9D2D20012002F /* API.swift */ = {isa = PBXFileReference; fileEncoding = 4; lastKnownFileType = sourcecode.swift; path = API.swift; sourceTree = "<group>"; };
		2B62C2471DD9EB2C0012002F /* ItemDataSource.swift */ = {isa = PBXFileReference; fileEncoding = 4; lastKnownFileType = sourcecode.swift; path = ItemDataSource.swift; sourceTree = "<group>"; };
/* End PBXFileReference section */

/* Begin PBXFrameworksBuildPhase section */
		2B62C2251DD9BB1F0012002F /* Frameworks */ = {
			isa = PBXFrameworksBuildPhase;
			buildActionMask = 2147483647;
			files = (
			);
			runOnlyForDeploymentPostprocessing = 0;
		};
/* End PBXFrameworksBuildPhase section */

/* Begin PBXGroup section */
		2B62C21F1DD9BB1F0012002F = {
			isa = PBXGroup;
			children = (
				2B62C22A1DD9BB1F0012002F /* DeBijenkorfProject */,
				2B62C2291DD9BB1F0012002F /* Products */,
			);
			sourceTree = "<group>";
		};
		2B62C2291DD9BB1F0012002F /* Products */ = {
			isa = PBXGroup;
			children = (
				2B62C2281DD9BB1F0012002F /* DeBijenkorfProject.app */,
			);
			name = Products;
			sourceTree = "<group>";
		};
		2B62C22A1DD9BB1F0012002F /* DeBijenkorfProject */ = {
			isa = PBXGroup;
			children = (
				2B62C22B1DD9BB1F0012002F /* AppDelegate.swift */,
				2B62C2451DD9D2D20012002F /* API.swift */,
				2B62C22D1DD9BB1F0012002F /* HomeViewController.swift */,
				2B62C23F1DD9C7D40012002F /* Item.swift */,
				2B62C2411DD9C8380012002F /* ItemCell.swift */,
				2B62C2471DD9EB2C0012002F /* ItemDataSource.swift */,
				2B62C23D1DD9C6EB0012002F /* ItemsListViewController.swift */,
				2B62C22F1DD9BB1F0012002F /* Main.storyboard */,
				2B62C2321DD9BB1F0012002F /* Assets.xcassets */,
				2B62C2341DD9BB1F0012002F /* LaunchScreen.storyboard */,
				2B62C2371DD9BB1F0012002F /* Info.plist */,
			);
			path = DeBijenkorfProject;
			sourceTree = "<group>";
		};
/* End PBXGroup section */

/* Begin PBXNativeTarget section */
		2B62C2271DD9BB1F0012002F /* DeBijenkorfProject */ = {
			isa = PBXNativeTarget;
			buildConfigurationList = 2B62C23A1DD9BB1F0012002F /* Build configuration list for PBXNativeTarget "DeBijenkorfProject" */;
			buildPhases = (
				2B62C2241DD9BB1F0012002F /* Sources */,
				2B62C2251DD9BB1F0012002F /* Frameworks */,
				2B62C2261DD9BB1F0012002F /* Resources */,
			);
			buildRules = (
			);
			dependencies = (
			);
			name = DeBijenkorfProject;
			productName = DeBijenkorfProject;
			productReference = 2B62C2281DD9BB1F0012002F /* DeBijenkorfProject.app */;
			productType = "com.apple.product-type.application";
		};
/* End PBXNativeTarget section */

/* Begin PBXProject section */
		2B62C2201DD9BB1F0012002F /* Project object */ = {
			isa = PBXProject;
			attributes = {
				LastSwiftUpdateCheck = 0800;
				LastUpgradeCheck = 0800;
				ORGANIZATIONNAME = Nerdvana;
				TargetAttributes = {
					2B62C2271DD9BB1F0012002F = {
						CreatedOnToolsVersion = 8.0;
						DevelopmentTeam = 75RQ64B2DZ;
						ProvisioningStyle = Automatic;
					};
				};
			};
			buildConfigurationList = 2B62C2231DD9BB1F0012002F /* Build configuration list for PBXProject "DeBijenkorfProject" */;
			compatibilityVersion = "Xcode 3.2";
			developmentRegion = English;
			hasScannedForEncodings = 0;
			knownRegions = (
				en,
				Base,
			);
			mainGroup = 2B62C21F1DD9BB1F0012002F;
			productRefGroup = 2B62C2291DD9BB1F0012002F /* Products */;
			projectDirPath = "";
			projectRoot = "";
			targets = (
				2B62C2271DD9BB1F0012002F /* DeBijenkorfProject */,
			);
		};
/* End PBXProject section */

/* Begin PBXResourcesBuildPhase section */
		2B62C2261DD9BB1F0012002F /* Resources */ = {
			isa = PBXResourcesBuildPhase;
			buildActionMask = 2147483647;
			files = (
				2B62C2361DD9BB1F0012002F /* LaunchScreen.storyboard in Resources */,
				2B62C2331DD9BB1F0012002F /* Assets.xcassets in Resources */,
				2B62C2311DD9BB1F0012002F /* Main.storyboard in Resources */,
			);
			runOnlyForDeploymentPostprocessing = 0;
		};
/* End PBXResourcesBuildPhase section */

/* Begin PBXSourcesBuildPhase section */
		2B62C2241DD9BB1F0012002F /* Sources */ = {
			isa = PBXSourcesBuildPhase;
			buildActionMask = 2147483647;
			files = (
				2B62C2481DD9EB2C0012002F /* ItemDataSource.swift in Sources */,
				2B62C2401DD9C7D40012002F /* Item.swift in Sources */,
				2B62C22E1DD9BB1F0012002F /* HomeViewController.swift in Sources */,
				2B62C22C1DD9BB1F0012002F /* AppDelegate.swift in Sources */,
				2B62C23E1DD9C6EB0012002F /* ItemsListViewController.swift in Sources */,
				2B62C2461DD9D2D20012002F /* API.swift in Sources */,
				2B62C2421DD9C8380012002F /* ItemCell.swift in Sources */,
			);
			runOnlyForDeploymentPostprocessing = 0;
		};
/* End PBXSourcesBuildPhase section */

/* Begin PBXVariantGroup section */
		2B62C22F1DD9BB1F0012002F /* Main.storyboard */ = {
			isa = PBXVariantGroup;
			children = (
				2B62C2301DD9BB1F0012002F /* Base */,
			);
			name = Main.storyboard;
			sourceTree = "<group>";
		};
		2B62C2341DD9BB1F0012002F /* LaunchScreen.storyboard */ = {
			isa = PBXVariantGroup;
			children = (
				2B62C2351DD9BB1F0012002F /* Base */,
			);
			name = LaunchScreen.storyboard;
			sourceTree = "<group>";
		};
/* End PBXVariantGroup section */

/* Begin XCBuildConfiguration section */
		2B62C2381DD9BB1F0012002F /* Debug */ = {
			isa = XCBuildConfiguration;
			buildSettings = {
				ALWAYS_SEARCH_USER_PATHS = NO;
				CLANG_ANALYZER_NONNULL = YES;
				CLANG_CXX_LANGUAGE_STANDARD = "gnu++0x";
				CLANG_CXX_LIBRARY = "libc++";
				CLANG_ENABLE_MODULES = YES;
				CLANG_ENABLE_OBJC_ARC = YES;
				CLANG_WARN_BOOL_CONVERSION = YES;
				CLANG_WARN_CONSTANT_CONVERSION = YES;
				CLANG_WARN_DIRECT_OBJC_ISA_USAGE = YES_ERROR;
				CLANG_WARN_DOCUMENTATION_COMMENTS = YES;
				CLANG_WARN_EMPTY_BODY = YES;
				CLANG_WARN_ENUM_CONVERSION = YES;
				CLANG_WARN_INFINITE_RECURSION = YES;
				CLANG_WARN_INT_CONVERSION = YES;
				CLANG_WARN_OBJC_ROOT_CLASS = YES_ERROR;
				CLANG_WARN_SUSPICIOUS_MOVES = YES;
				CLANG_WARN_UNREACHABLE_CODE = YES;
				CLANG_WARN__DUPLICATE_METHOD_MATCH = YES;
				"CODE_SIGN_IDENTITY[sdk=iphoneos*]" = "iPhone Developer";
				COPY_PHASE_STRIP = NO;
				DEBUG_INFORMATION_FORMAT = dwarf;
				ENABLE_STRICT_OBJC_MSGSEND = YES;
				ENABLE_TESTABILITY = YES;
				GCC_C_LANGUAGE_STANDARD = gnu99;
				GCC_DYNAMIC_NO_PIC = NO;
				GCC_NO_COMMON_BLOCKS = YES;
				GCC_OPTIMIZATION_LEVEL = 0;
				GCC_PREPROCESSOR_DEFINITIONS = (
					"DEBUG=1",
					"$(inherited)",
				);
				GCC_WARN_64_TO_32_BIT_CONVERSION = YES;
				GCC_WARN_ABOUT_RETURN_TYPE = YES_ERROR;
				GCC_WARN_UNDECLARED_SELECTOR = YES;
				GCC_WARN_UNINITIALIZED_AUTOS = YES_AGGRESSIVE;
				GCC_WARN_UNUSED_FUNCTION = YES;
				GCC_WARN_UNUSED_VARIABLE = YES;
				IPHONEOS_DEPLOYMENT_TARGET = 10.0;
				MTL_ENABLE_DEBUG_INFO = YES;
				ONLY_ACTIVE_ARCH = YES;
				SDKROOT = iphoneos;
				SWIFT_ACTIVE_COMPILATION_CONDITIONS = DEBUG;
				SWIFT_OPTIMIZATION_LEVEL = "-Onone";
			};
			name = Debug;
		};
		2B62C2391DD9BB1F0012002F /* Release */ = {
			isa = XCBuildConfiguration;
			buildSettings = {
				ALWAYS_SEARCH_USER_PATHS = NO;
				CLANG_ANALYZER_NONNULL = YES;
				CLANG_CXX_LANGUAGE_STANDARD = "gnu++0x";
				CLANG_CXX_LIBRARY = "libc++";
				CLANG_ENABLE_MODULES = YES;
				CLANG_ENABLE_OBJC_ARC = YES;
				CLANG_WARN_BOOL_CONVERSION = YES;
				CLANG_WARN_CONSTANT_CONVERSION = YES;
				CLANG_WARN_DIRECT_OBJC_ISA_USAGE = YES_ERROR;
				CLANG_WARN_DOCUMENTATION_COMMENTS = YES;
				CLANG_WARN_EMPTY_BODY = YES;
				CLANG_WARN_ENUM_CONVERSION = YES;
				CLANG_WARN_INFINITE_RECURSION = YES;
				CLANG_WARN_INT_CONVERSION = YES;
				CLANG_WARN_OBJC_ROOT_CLASS = YES_ERROR;
				CLANG_WARN_SUSPICIOUS_MOVES = YES;
				CLANG_WARN_UNREACHABLE_CODE = YES;
				CLANG_WARN__DUPLICATE_METHOD_MATCH = YES;
				"CODE_SIGN_IDENTITY[sdk=iphoneos*]" = "iPhone Developer";
				COPY_PHASE_STRIP = NO;
				DEBUG_INFORMATION_FORMAT = "dwarf-with-dsym";
				ENABLE_NS_ASSERTIONS = NO;
				ENABLE_STRICT_OBJC_MSGSEND = YES;
				GCC_C_LANGUAGE_STANDARD = gnu99;
				GCC_NO_COMMON_BLOCKS = YES;
				GCC_WARN_64_TO_32_BIT_CONVERSION = YES;
				GCC_WARN_ABOUT_RETURN_TYPE = YES_ERROR;
				GCC_WARN_UNDECLARED_SELECTOR = YES;
				GCC_WARN_UNINITIALIZED_AUTOS = YES_AGGRESSIVE;
				GCC_WARN_UNUSED_FUNCTION = YES;
				GCC_WARN_UNUSED_VARIABLE = YES;
				IPHONEOS_DEPLOYMENT_TARGET = 10.0;
				MTL_ENABLE_DEBUG_INFO = NO;
				SDKROOT = iphoneos;
				SWIFT_OPTIMIZATION_LEVEL = "-Owholemodule";
				VALIDATE_PRODUCT = YES;
			};
			name = Release;
		};
		2B62C23B1DD9BB1F0012002F /* Debug */ = {
			isa = XCBuildConfiguration;
			buildSettings = {
				ASSETCATALOG_COMPILER_APPICON_NAME = AppIcon;
				DEVELOPMENT_TEAM = 75RQ64B2DZ;
				INFOPLIST_FILE = DeBijenkorfProject/Info.plist;
				LD_RUNPATH_SEARCH_PATHS = "$(inherited) @executable_path/Frameworks";
				PRODUCT_BUNDLE_IDENTIFIER = f.astitou.DeBijenkorfProject;
				PRODUCT_NAME = "$(TARGET_NAME)";
				SWIFT_VERSION = 3.0;
			};
			name = Debug;
		};
		2B62C23C1DD9BB1F0012002F /* Release */ = {
			isa = XCBuildConfiguration;
			buildSettings = {
				ASSETCATALOG_COMPILER_APPICON_NAME = AppIcon;
				DEVELOPMENT_TEAM = 75RQ64B2DZ;
				INFOPLIST_FILE = DeBijenkorfProject/Info.plist;
				LD_RUNPATH_SEARCH_PATHS = "$(inherited) @executable_path/Frameworks";
				PRODUCT_BUNDLE_IDENTIFIER = f.astitou.DeBijenkorfProject;
				PRODUCT_NAME = "$(TARGET_NAME)";
				SWIFT_VERSION = 3.0;
			};
			name = Release;
		};
/* End XCBuildConfiguration section */

/* Begin XCConfigurationList section */
		2B62C2231DD9BB1F0012002F /* Build configuration list for PBXProject "DeBijenkorfProject" */ = {
			isa = XCConfigurationList;
			buildConfigurations = (
				2B62C2381DD9BB1F0012002F /* Debug */,
				2B62C2391DD9BB1F0012002F /* Release */,
			);
			defaultConfigurationIsVisible = 0;
			defaultConfigurationName = Release;
		};
		2B62C23A1DD9BB1F0012002F /* Build configuration list for PBXNativeTarget "DeBijenkorfProject" */ = {
			isa = XCConfigurationList;
			buildConfigurations = (
				2B62C23B1DD9BB1F0012002F /* Debug */,
				2B62C23C1DD9BB1F0012002F /* Release */,
			);
			defaultConfigurationIsVisible = 0;
		};
/* End XCConfigurationList section */
	};
	rootObject = 2B62C2201DD9BB1F0012002F /* Project object */;
}
